
Microsoft Visual Studio Solution File, Format Version 12.00
# Visual Studio Version 16
VisualStudioVersion = 16.0.30128.74
MinimumVisualStudioVersion = 10.0.40219.1
Project("{FAE04EC0-301F-11D3-BF4B-00C04F79EFBC}") = "mostrarnotificacion", "mostrarnotificacion\mostrarnotificacion.csproj", "{345E3035-5766-4420-93F6-C100F1C5A813}"
EndProject
Global
	GlobalSection(SolutionConfigurationPlatforms) = preSolution
		Debug|Any CPU = Debug|Any CPU
		Release|Any CPU = Release|Any CPU
	EndGlobalSection
	GlobalSection(ProjectConfigurationPlatforms) = postSolution
		{345E3035-5766-4420-93F6-C100F1C5A813}.Debug|Any CPU.ActiveCfg = Debug|Any CPU
		{345E3035-5766-4420-93F6-C100F1C5A813}.Debug|Any CPU.Build.0 = Debug|Any CPU
		{345E3035-5766-4420-93F6-C100F1C5A813}.Debug|Any CPU.Deploy.0 = Debug|Any CPU
		{345E3035-5766-4420-93F6-C100F1C5A813}.Release|Any CPU.ActiveCfg = Release|Any CPU
		{345E3035-5766-4420-93F6-C100F1C5A813}.Release|Any CPU.Build.0 = Release|Any CPU
		{345E3035-5766-4420-93F6-C100F1C5A813}.Release|Any CPU.Deploy.0 = Release|Any CPU
	EndGlobalSection
	GlobalSection(SolutionProperties) = preSolution
		HideSolutionNode = FALSE
	EndGlobalSection
	GlobalSection(ExtensibilityGlobals) = postSolution
		SolutionGuid = {70024AE9-D3BD-4D3A-AE93-A8B92D492804}
	EndGlobalSection
EndGlobal
